
Microsoft Visual Studio Solution File, Format Version 12.00
# Visual Studio Version 17
VisualStudioVersion = 17.9.34902.65
MinimumVisualStudioVersion = 10.0.40219.1
Project("{FAE04EC0-301F-11D3-BF4B-00C04F79EFBC}") = "Jogo_de_xadrez", "Jogo_de_xadrez\Jogo_de_xadrez.csproj", "{C2AD503C-95CA-4E92-A86F-DD4BB0661ED0}"
EndProject
Global
	GlobalSection(SolutionConfigurationPlatforms) = preSolution
		Debug|Any CPU = Debug|Any CPU
		Release|Any CPU = Release|Any CPU
	EndGlobalSection
	GlobalSection(ProjectConfigurationPlatforms) = postSolution
		{C2AD503C-95CA-4E92-A86F-DD4BB0661ED0}.Debug|Any CPU.ActiveCfg = Debug|Any CPU
		{C2AD503C-95CA-4E92-A86F-DD4BB0661ED0}.Debug|Any CPU.Build.0 = Debug|Any CPU
		{C2AD503C-95CA-4E92-A86F-DD4BB0661ED0}.Release|Any CPU.ActiveCfg = Release|Any CPU
		{C2AD503C-95CA-4E92-A86F-DD4BB0661ED0}.Release|Any CPU.Build.0 = Release|Any CPU
	EndGlobalSection
	GlobalSection(SolutionProperties) = preSolution
		HideSolutionNode = FALSE
	EndGlobalSection
	GlobalSection(ExtensibilityGlobals) = postSolution
		SolutionGuid = {7D7AA560-7B87-44BC-9785-438C87896B0B}
	EndGlobalSection
EndGlobal
